
Microsoft Visual Studio Solution File, Format Version 12.00
# Visual Studio Version 16
VisualStudioVersion = 16.0.32228.343
MinimumVisualStudioVersion = 10.0.40219.1
Project("{FAE04EC0-301F-11D3-BF4B-00C04F79EFBC}") = "SignUpAUser", "SignUpAUser\SignUpAUser.csproj", "{7161DADC-AE63-4817-8B41-41FCFFF6E358}"
EndProject
Global
	GlobalSection(SolutionConfigurationPlatforms) = preSolution
		Debug|Any CPU = Debug|Any CPU
		Release|Any CPU = Release|Any CPU
	EndGlobalSection
	GlobalSection(ProjectConfigurationPlatforms) = postSolution
		{7161DADC-AE63-4817-8B41-41FCFFF6E358}.Debug|Any CPU.ActiveCfg = Debug|Any CPU
		{7161DADC-AE63-4817-8B41-41FCFFF6E358}.Debug|Any CPU.Build.0 = Debug|Any CPU
		{7161DADC-AE63-4817-8B41-41FCFFF6E358}.Release|Any CPU.ActiveCfg = Release|Any CPU
		{7161DADC-AE63-4817-8B41-41FCFFF6E358}.Release|Any CPU.Build.0 = Release|Any CPU
	EndGlobalSection
	GlobalSection(SolutionProperties) = preSolution
		HideSolutionNode = FALSE
	EndGlobalSection
	GlobalSection(ExtensibilityGlobals) = postSolution
		SolutionGuid = {CAC3D986-4779-4853-A310-6E344BAA5FC2}
	EndGlobalSection
EndGlobal
